
Microsoft Visual Studio Solution File, Format Version 12.00
# Visual Studio Version 17
VisualStudioVersion = 17.7.34221.43
MinimumVisualStudioVersion = 10.0.40219.1
Project("{FAE04EC0-301F-11D3-BF4B-00C04F79EFBC}") = "DataAccessLayer", "DataAccessLayer\DataAccessLayer.csproj", "{06BA2DD3-8D9B-4BF1-864B-A83CC4685837}"
EndProject
Project("{FAE04EC0-301F-11D3-BF4B-00C04F79EFBC}") = "Dependencies", "Dependencies\Dependencies.csproj", "{123458DB-B615-47E7-A917-C3D7E67CABD2}"
EndProject
Project("{FAE04EC0-301F-11D3-BF4B-00C04F79EFBC}") = "PlancksoftPOS", "PlancksoftPOS\PlancksoftPOS.csproj", "{690B9723-B20B-4BBA-BFED-5BC79081D516}"
	ProjectSection(ProjectDependencies) = postProject
		{E9FD12D7-24CB-4B93-848E-83B73645CD1A} = {E9FD12D7-24CB-4B93-848E-83B73645CD1A}
	EndProjectSection
EndProject
Project("{FAE04EC0-301F-11D3-BF4B-00C04F79EFBC}") = "PlancksoftPOS Server", "PlancksoftPOS Server\PlancksoftPOS Server.csproj", "{E9FD12D7-24CB-4B93-848E-83B73645CD1A}"
EndProject
Project("{FAE04EC0-301F-11D3-BF4B-00C04F79EFBC}") = "PlancksoftPOS License Information Fetcher", "PlancksoftPOS License Information Fetcher\PlancksoftPOS License Information Fetcher.csproj", "{45CB5898-2997-45F6-A3C1-2044FC29C37F}"
EndProject
Project("{FAE04EC0-301F-11D3-BF4B-00C04F79EFBC}") = "PlancksoftPOS License Generator", "PlancksoftPOS License Generator\PlancksoftPOS License Generator\PlancksoftPOS License Generator.csproj", "{209064A6-4BF2-45D7-993C-421447E3E168}"
EndProject
Project("{FAE04EC0-301F-11D3-BF4B-00C04F79EFBC}") = "PlancksoftPOS Server JSON", "PlancksoftPOS Server JSON\PlancksoftPOS Server JSON.csproj", "{8E87FFEF-3673-4838-8B1D-3F758118F160}"
EndProject
Project("{FAE04EC0-301F-11D3-BF4B-00C04F79EFBC}") = "DataAccessLayerJSON", "DataAccessLayerJSON\DataAccessLayerJSON.csproj", "{A0F5C1A3-F956-4FBF-BA97-F9DC706F178B}"
EndProject
Project("{9A19103F-16F7-4668-BE54-9A1E7A4F7556}") = "PublisherApi", "PublisherApi\PublisherApi.csproj", "{451E9B37-7119-47FC-953E-CDAFA3614406}"
EndProject
Project("{FAE04EC0-301F-11D3-BF4B-00C04F79EFBC}") = "PlancksoftPOS Receipt Print Server", "PlancksoftPOS Receipt Print Server\PlancksoftPOS Receipt Print Server.csproj", "{232285EC-55B5-4742-8B67-CC2D119A888E}"
EndProject
Global
	GlobalSection(SolutionConfigurationPlatforms) = preSolution
		Debug|Any CPU = Debug|Any CPU
		Release|Any CPU = Release|Any CPU
	EndGlobalSection
	GlobalSection(ProjectConfigurationPlatforms) = postSolution
		{06BA2DD3-8D9B-4BF1-864B-A83CC4685837}.Debug|Any CPU.ActiveCfg = Debug|Any CPU
		{06BA2DD3-8D9B-4BF1-864B-A83CC4685837}.Debug|Any CPU.Build.0 = Debug|Any CPU
		{06BA2DD3-8D9B-4BF1-864B-A83CC4685837}.Release|Any CPU.ActiveCfg = Release|Any CPU
		{06BA2DD3-8D9B-4BF1-864B-A83CC4685837}.Release|Any CPU.Build.0 = Release|Any CPU
		{123458DB-B615-47E7-A917-C3D7E67CABD2}.Debug|Any CPU.ActiveCfg = Debug|Any CPU
		{123458DB-B615-47E7-A917-C3D7E67CABD2}.Debug|Any CPU.Build.0 = Debug|Any CPU
		{123458DB-B615-47E7-A917-C3D7E67CABD2}.Release|Any CPU.ActiveCfg = Release|Any CPU
		{123458DB-B615-47E7-A917-C3D7E67CABD2}.Release|Any CPU.Build.0 = Release|Any CPU
		{690B9723-B20B-4BBA-BFED-5BC79081D516}.Debug|Any CPU.ActiveCfg = Debug|Any CPU
		{690B9723-B20B-4BBA-BFED-5BC79081D516}.Debug|Any CPU.Build.0 = Debug|Any CPU
		{690B9723-B20B-4BBA-BFED-5BC79081D516}.Release|Any CPU.ActiveCfg = Release|Any CPU
		{690B9723-B20B-4BBA-BFED-5BC79081D516}.Release|Any CPU.Build.0 = Release|Any CPU
		{E9FD12D7-24CB-4B93-848E-83B73645CD1A}.Debug|Any CPU.ActiveCfg = Debug|Any CPU
		{E9FD12D7-24CB-4B93-848E-83B73645CD1A}.Debug|Any CPU.Build.0 = Debug|Any CPU
		{E9FD12D7-24CB-4B93-848E-83B73645CD1A}.Release|Any CPU.ActiveCfg = Release|Any CPU
		{E9FD12D7-24CB-4B93-848E-83B73645CD1A}.Release|Any CPU.Build.0 = Release|Any CPU
		{45CB5898-2997-45F6-A3C1-2044FC29C37F}.Debug|Any CPU.ActiveCfg = Debug|Any CPU
		{45CB5898-2997-45F6-A3C1-2044FC29C37F}.Debug|Any CPU.Build.0 = Debug|Any CPU
		{45CB5898-2997-45F6-A3C1-2044FC29C37F}.Release|Any CPU.ActiveCfg = Release|Any CPU
		{45CB5898-2997-45F6-A3C1-2044FC29C37F}.Release|Any CPU.Build.0 = Release|Any CPU
		{209064A6-4BF2-45D7-993C-421447E3E168}.Debug|Any CPU.ActiveCfg = Debug|Any CPU
		{209064A6-4BF2-45D7-993C-421447E3E168}.Debug|Any CPU.Build.0 = Debug|Any CPU
		{209064A6-4BF2-45D7-993C-421447E3E168}.Release|Any CPU.ActiveCfg = Release|Any CPU
		{209064A6-4BF2-45D7-993C-421447E3E168}.Release|Any CPU.Build.0 = Release|Any CPU
		{8E87FFEF-3673-4838-8B1D-3F758118F160}.Debug|Any CPU.ActiveCfg = Debug|Any CPU
		{8E87FFEF-3673-4838-8B1D-3F758118F160}.Debug|Any CPU.Build.0 = Debug|Any CPU
		{8E87FFEF-3673-4838-8B1D-3F758118F160}.Release|Any CPU.ActiveCfg = Release|Any CPU
		{8E87FFEF-3673-4838-8B1D-3F758118F160}.Release|Any CPU.Build.0 = Release|Any CPU
		{A0F5C1A3-F956-4FBF-BA97-F9DC706F178B}.Debug|Any CPU.ActiveCfg = Debug|Any CPU
		{A0F5C1A3-F956-4FBF-BA97-F9DC706F178B}.Debug|Any CPU.Build.0 = Debug|Any CPU
		{A0F5C1A3-F956-4FBF-BA97-F9DC706F178B}.Release|Any CPU.ActiveCfg = Release|Any CPU
		{A0F5C1A3-F956-4FBF-BA97-F9DC706F178B}.Release|Any CPU.Build.0 = Release|Any CPU
		{451E9B37-7119-47FC-953E-CDAFA3614406}.Debug|Any CPU.ActiveCfg = Debug|Any CPU
		{451E9B37-7119-47FC-953E-CDAFA3614406}.Debug|Any CPU.Build.0 = Debug|Any CPU
		{451E9B37-7119-47FC-953E-CDAFA3614406}.Release|Any CPU.ActiveCfg = Release|Any CPU
		{451E9B37-7119-47FC-953E-CDAFA3614406}.Release|Any CPU.Build.0 = Release|Any CPU
		{232285EC-55B5-4742-8B67-CC2D119A888E}.Debug|Any CPU.ActiveCfg = Debug|Any CPU
		{232285EC-55B5-4742-8B67-CC2D119A888E}.Debug|Any CPU.Build.0 = Debug|Any CPU
		{232285EC-55B5-4742-8B67-CC2D119A888E}.Release|Any CPU.ActiveCfg = Release|Any CPU
		{232285EC-55B5-4742-8B67-CC2D119A888E}.Release|Any CPU.Build.0 = Release|Any CPU
	EndGlobalSection
	GlobalSection(SolutionProperties) = preSolution
		HideSolutionNode = FALSE
	EndGlobalSection
	GlobalSection(ExtensibilityGlobals) = postSolution
		SolutionGuid = {B1158EA5-566A-4308-A1EF-374D852BC543}
	EndGlobalSection
EndGlobal
