
Microsoft Visual Studio Solution File, Format Version 12.00
# Visual Studio 15
VisualStudioVersion = 15.0.28307.168
MinimumVisualStudioVersion = 10.0.40219.1
Project("{FAE04EC0-301F-11D3-BF4B-00C04F79EFBC}") = "Supermarket", "Supermarket License Generator\Supermarket.csproj", "{209064A6-4BF2-45D7-993C-421447E3E168}"
EndProject
Global
	GlobalSection(SolutionConfigurationPlatforms) = preSolution
		Debug|Any CPU = Debug|Any CPU
		Release|Any CPU = Release|Any CPU
	EndGlobalSection
	GlobalSection(ProjectConfigurationPlatforms) = postSolution
		{209064A6-4BF2-45D7-993C-421447E3E168}.Debug|Any CPU.ActiveCfg = Debug|Any CPU
		{209064A6-4BF2-45D7-993C-421447E3E168}.Debug|Any CPU.Build.0 = Debug|Any CPU
		{209064A6-4BF2-45D7-993C-421447E3E168}.Release|Any CPU.ActiveCfg = Release|Any CPU
		{209064A6-4BF2-45D7-993C-421447E3E168}.Release|Any CPU.Build.0 = Release|Any CPU
	EndGlobalSection
	GlobalSection(SolutionProperties) = preSolution
		HideSolutionNode = FALSE
	EndGlobalSection
	GlobalSection(ExtensibilityGlobals) = postSolution
		SolutionGuid = {8B0899C7-FFB3-4184-BD74-46F0816ABBFE}
	EndGlobalSection
EndGlobal
